
Microsoft Visual Studio Solution File, Format Version 12.00
# Visual Studio Version 16
VisualStudioVersion = 16.0.30204.135
MinimumVisualStudioVersion = 10.0.40219.1
Project("{FAE04EC0-301F-11D3-BF4B-00C04F79EFBC}") = "ServiceBus.UI", "ServiceBus.UI.csproj", "{E3651ADF-0BA3-4C53-A47A-C0C30DFA4B83}"
EndProject
Project("{FAE04EC0-301F-11D3-BF4B-00C04F79EFBC}") = "AzureServiceBus.Sender", "..\AzureServiceBus.Sender\AzureServiceBus.Sender.csproj", "{40594625-DA68-4F7D-8E92-B7D084CDB78A}"
EndProject
Project("{FAE04EC0-301F-11D3-BF4B-00C04F79EFBC}") = "AzureServiceBus.Topic.Subscriber", "..\AzureServiceBus.Topic.Subscriber\AzureServiceBus.Topic.Subscriber.csproj", "{AD3E3C02-571A-47E2-94BB-C1E55A880D35}"
EndProject
Project("{FAE04EC0-301F-11D3-BF4B-00C04F79EFBC}") = "AzureServiceBus.Domain", "..\AzureServiceBus.Domain\AzureServiceBus.Domain.csproj", "{12F4E830-866C-4A61-819E-AEE4A90349FE}"
EndProject
Project("{FAE04EC0-301F-11D3-BF4B-00C04F79EFBC}") = "AzureServiceBus.Receiever", "..\AzureServiceBus.Receiever\AzureServiceBus.Receiever.csproj", "{CA2EFEFE-6315-484C-9BAF-DB5D178C4A24}"
EndProject
Global
	GlobalSection(SolutionConfigurationPlatforms) = preSolution
		Debug|Any CPU = Debug|Any CPU
		Release|Any CPU = Release|Any CPU
	EndGlobalSection
	GlobalSection(ProjectConfigurationPlatforms) = postSolution
		{E3651ADF-0BA3-4C53-A47A-C0C30DFA4B83}.Debug|Any CPU.ActiveCfg = Debug|Any CPU
		{E3651ADF-0BA3-4C53-A47A-C0C30DFA4B83}.Debug|Any CPU.Build.0 = Debug|Any CPU
		{E3651ADF-0BA3-4C53-A47A-C0C30DFA4B83}.Release|Any CPU.ActiveCfg = Release|Any CPU
		{E3651ADF-0BA3-4C53-A47A-C0C30DFA4B83}.Release|Any CPU.Build.0 = Release|Any CPU
		{40594625-DA68-4F7D-8E92-B7D084CDB78A}.Debug|Any CPU.ActiveCfg = Debug|Any CPU
		{40594625-DA68-4F7D-8E92-B7D084CDB78A}.Debug|Any CPU.Build.0 = Debug|Any CPU
		{40594625-DA68-4F7D-8E92-B7D084CDB78A}.Release|Any CPU.ActiveCfg = Release|Any CPU
		{40594625-DA68-4F7D-8E92-B7D084CDB78A}.Release|Any CPU.Build.0 = Release|Any CPU
		{AD3E3C02-571A-47E2-94BB-C1E55A880D35}.Debug|Any CPU.ActiveCfg = Debug|Any CPU
		{AD3E3C02-571A-47E2-94BB-C1E55A880D35}.Debug|Any CPU.Build.0 = Debug|Any CPU
		{AD3E3C02-571A-47E2-94BB-C1E55A880D35}.Release|Any CPU.ActiveCfg = Release|Any CPU
		{AD3E3C02-571A-47E2-94BB-C1E55A880D35}.Release|Any CPU.Build.0 = Release|Any CPU
		{12F4E830-866C-4A61-819E-AEE4A90349FE}.Debug|Any CPU.ActiveCfg = Debug|Any CPU
		{12F4E830-866C-4A61-819E-AEE4A90349FE}.Debug|Any CPU.Build.0 = Debug|Any CPU
		{12F4E830-866C-4A61-819E-AEE4A90349FE}.Release|Any CPU.ActiveCfg = Release|Any CPU
		{12F4E830-866C-4A61-819E-AEE4A90349FE}.Release|Any CPU.Build.0 = Release|Any CPU
		{CA2EFEFE-6315-484C-9BAF-DB5D178C4A24}.Debug|Any CPU.ActiveCfg = Debug|Any CPU
		{CA2EFEFE-6315-484C-9BAF-DB5D178C4A24}.Debug|Any CPU.Build.0 = Debug|Any CPU
		{CA2EFEFE-6315-484C-9BAF-DB5D178C4A24}.Release|Any CPU.ActiveCfg = Release|Any CPU
		{CA2EFEFE-6315-484C-9BAF-DB5D178C4A24}.Release|Any CPU.Build.0 = Release|Any CPU
	EndGlobalSection
	GlobalSection(SolutionProperties) = preSolution
		HideSolutionNode = FALSE
	EndGlobalSection
	GlobalSection(ExtensibilityGlobals) = postSolution
		SolutionGuid = {24FBE480-B3F8-4313-BBF0-1271369A400C}
	EndGlobalSection
EndGlobal
